// !$*UTF8*$!
{
	archiveVersion = 1;
	classes = {
	};
	objectVersion = 51;
	objects = {

/* Begin PBXBuildFile section */
		33121D732430BD610084C30E /* VariationMapModel.swift in Sources */ = {isa = PBXBuildFile; fileRef = 33121D722430BD610084C30E /* VariationMapModel.swift */; };
		3348BE1D242F92DF008C0D32 /* DBHelper.swift in Sources */ = {isa = PBXBuildFile; fileRef = 3348BE1C242F92DF008C0D32 /* DBHelper.swift */; };
		3348BE23242FA666008C0D32 /* DateUtility.swift in Sources */ = {isa = PBXBuildFile; fileRef = 3348BE22242FA666008C0D32 /* DateUtility.swift */; };
		3348BE25242FAAD2008C0D32 /* ProductsVC.swift in Sources */ = {isa = PBXBuildFile; fileRef = 3348BE24242FAAD1008C0D32 /* ProductsVC.swift */; };
		337349C72430C14D0008D913 /* Category+CoreDataClass.swift in Sources */ = {isa = PBXBuildFile; fileRef = 337349BF2430C14D0008D913 /* Category+CoreDataClass.swift */; };
		337349C82430C14D0008D913 /* Category+CoreDataProperties.swift in Sources */ = {isa = PBXBuildFile; fileRef = 337349C02430C14D0008D913 /* Category+CoreDataProperties.swift */; };
		337349C92430C14D0008D913 /* Ranking+CoreDataClass.swift in Sources */ = {isa = PBXBuildFile; fileRef = 337349C12430C14D0008D913 /* Ranking+CoreDataClass.swift */; };
		337349CA2430C14D0008D913 /* Ranking+CoreDataProperties.swift in Sources */ = {isa = PBXBuildFile; fileRef = 337349C22430C14D0008D913 /* Ranking+CoreDataProperties.swift */; };
		337349CB2430C14D0008D913 /* Variants+CoreDataClass.swift in Sources */ = {isa = PBXBuildFile; fileRef = 337349C32430C14D0008D913 /* Variants+CoreDataClass.swift */; };
		337349CC2430C14D0008D913 /* Variants+CoreDataProperties.swift in Sources */ = {isa = PBXBuildFile; fileRef = 337349C42430C14D0008D913 /* Variants+CoreDataProperties.swift */; };
		337349CD2430C14D0008D913 /* Product+CoreDataClass.swift in Sources */ = {isa = PBXBuildFile; fileRef = 337349C52430C14D0008D913 /* Product+CoreDataClass.swift */; };
		337349CE2430C14D0008D913 /* Product+CoreDataProperties.swift in Sources */ = {isa = PBXBuildFile; fileRef = 337349C62430C14D0008D913 /* Product+CoreDataProperties.swift */; };
		337D7E47242F4299002A2802 /* AppDelegate.swift in Sources */ = {isa = PBXBuildFile; fileRef = 337D7E46242F4299002A2802 /* AppDelegate.swift */; };
		337D7E4F242F4299002A2802 /* CommerceDemo.xcdatamodeld in Sources */ = {isa = PBXBuildFile; fileRef = 337D7E4D242F4299002A2802 /* CommerceDemo.xcdatamodeld */; };
		337D7E51242F429A002A2802 /* Assets.xcassets in Resources */ = {isa = PBXBuildFile; fileRef = 337D7E50242F429A002A2802 /* Assets.xcassets */; };
		337D7E54242F429A002A2802 /* LaunchScreen.storyboard in Resources */ = {isa = PBXBuildFile; fileRef = 337D7E52242F429A002A2802 /* LaunchScreen.storyboard */; };
		337D7E5C242F49CC002A2802 /* Podfile in Resources */ = {isa = PBXBuildFile; fileRef = 337D7E5B242F49CB002A2802 /* Podfile */; };
		337D7E5F242F4AA8002A2802 /* CategoriesVC.swift in Sources */ = {isa = PBXBuildFile; fileRef = 337D7E5E242F4AA8002A2802 /* CategoriesVC.swift */; };
		337D7E62242F4AC7002A2802 /* Product.storyboard in Resources */ = {isa = PBXBuildFile; fileRef = 337D7E61242F4AC7002A2802 /* Product.storyboard */; };
		337D7E65242F4DA3002A2802 /* CategoryCell.swift in Sources */ = {isa = PBXBuildFile; fileRef = 337D7E64242F4DA3002A2802 /* CategoryCell.swift */; };
		337D7E6C242F4E13002A2802 /* ApiManager.swift in Sources */ = {isa = PBXBuildFile; fileRef = 337D7E67242F4E12002A2802 /* ApiManager.swift */; };
		337D7E6D242F4E13002A2802 /* Extensions.swift in Sources */ = {isa = PBXBuildFile; fileRef = 337D7E68242F4E12002A2802 /* Extensions.swift */; };
		337D7E6E242F4E13002A2802 /* LoadingOverlay.swift in Sources */ = {isa = PBXBuildFile; fileRef = 337D7E69242F4E12002A2802 /* LoadingOverlay.swift */; };
		337D7E6F242F4E13002A2802 /* UtilityHelper.swift in Sources */ = {isa = PBXBuildFile; fileRef = 337D7E6A242F4E12002A2802 /* UtilityHelper.swift */; };
		337D7E70242F4E13002A2802 /* CommerceConstants.swift in Sources */ = {isa = PBXBuildFile; fileRef = 337D7E6B242F4E12002A2802 /* CommerceConstants.swift */; };
		337D7E7B242F5565002A2802 /* CategoryMapModel.swift in Sources */ = {isa = PBXBuildFile; fileRef = 337D7E77242F5564002A2802 /* CategoryMapModel.swift */; };
		337D7E7C242F5565002A2802 /* ProductMapModel.swift in Sources */ = {isa = PBXBuildFile; fileRef = 337D7E78242F5564002A2802 /* ProductMapModel.swift */; };
		33D191BE243075F400278C47 /* RankingMapModel.swift in Sources */ = {isa = PBXBuildFile; fileRef = 33D191BD243075F400278C47 /* RankingMapModel.swift */; };
		33D191C224308F5400278C47 /* ProductCell.swift in Sources */ = {isa = PBXBuildFile; fileRef = 33D191C024308F5300278C47 /* ProductCell.swift */; };
		33D191C324308F5400278C47 /* ProductCell.xib in Resources */ = {isa = PBXBuildFile; fileRef = 33D191C124308F5300278C47 /* ProductCell.xib */; };
		33D191C5243090D000278C47 /* RatingVC.swift in Sources */ = {isa = PBXBuildFile; fileRef = 33D191C4243090D000278C47 /* RatingVC.swift */; };
		33DA61192430F436001AE55A /* ProductDetailVC.swift in Sources */ = {isa = PBXBuildFile; fileRef = 33DA61182430F436001AE55A /* ProductDetailVC.swift */; };
		33DA611C2430F875001AE55A /* Tax+CoreDataClass.swift in Sources */ = {isa = PBXBuildFile; fileRef = 33DA611A2430F875001AE55A /* Tax+CoreDataClass.swift */; };
		33DA611D2430F875001AE55A /* Tax+CoreDataProperties.swift in Sources */ = {isa = PBXBuildFile; fileRef = 33DA611B2430F875001AE55A /* Tax+CoreDataProperties.swift */; };
		33DA611F2430F8C3001AE55A /* TaxMapModel.swift in Sources */ = {isa = PBXBuildFile; fileRef = 33DA611E2430F8C2001AE55A /* TaxMapModel.swift */; };
		33DA61212430FCCC001AE55A /* VariantDetailCell.swift in Sources */ = {isa = PBXBuildFile; fileRef = 33DA61202430FCCC001AE55A /* VariantDetailCell.swift */; };
		39E3C77F195A813EC54F3839 /* Pods_CommerceDemo.framework in Frameworks */ = {isa = PBXBuildFile; fileRef = D956DD31E4703C1B9EA2734B /* Pods_CommerceDemo.framework */; };
/* End PBXBuildFile section */

/* Begin PBXFileReference section */
		0849845C9BCBAC65E7ED5620 /* Pods-CommerceDemo.release.xcconfig */ = {isa = PBXFileReference; includeInIndex = 1; lastKnownFileType = text.xcconfig; name = "Pods-CommerceDemo.release.xcconfig"; path = "Target Support Files/Pods-CommerceDemo/Pods-CommerceDemo.release.xcconfig"; sourceTree = "<group>"; };
		33121D722430BD610084C30E /* VariationMapModel.swift */ = {isa = PBXFileReference; fileEncoding = 4; lastKnownFileType = sourcecode.swift; path = VariationMapModel.swift; sourceTree = "<group>"; };
		3348BE1C242F92DF008C0D32 /* DBHelper.swift */ = {isa = PBXFileReference; fileEncoding = 4; lastKnownFileType = sourcecode.swift; path = DBHelper.swift; sourceTree = "<group>"; };
		3348BE22242FA666008C0D32 /* DateUtility.swift */ = {isa = PBXFileReference; fileEncoding = 4; lastKnownFileType = sourcecode.swift; path = DateUtility.swift; sourceTree = "<group>"; };
		3348BE24242FAAD1008C0D32 /* ProductsVC.swift */ = {isa = PBXFileReference; fileEncoding = 4; lastKnownFileType = sourcecode.swift; path = ProductsVC.swift; sourceTree = "<group>"; };
		337349BF2430C14D0008D913 /* Category+CoreDataClass.swift */ = {isa = PBXFileReference; lastKnownFileType = sourcecode.swift; path = "Category+CoreDataClass.swift"; sourceTree = "<group>"; };
		337349C02430C14D0008D913 /* Category+CoreDataProperties.swift */ = {isa = PBXFileReference; lastKnownFileType = sourcecode.swift; path = "Category+CoreDataProperties.swift"; sourceTree = "<group>"; };
		337349C12430C14D0008D913 /* Ranking+CoreDataClass.swift */ = {isa = PBXFileReference; lastKnownFileType = sourcecode.swift; path = "Ranking+CoreDataClass.swift"; sourceTree = "<group>"; };
		337349C22430C14D0008D913 /* Ranking+CoreDataProperties.swift */ = {isa = PBXFileReference; lastKnownFileType = sourcecode.swift; path = "Ranking+CoreDataProperties.swift"; sourceTree = "<group>"; };
		337349C32430C14D0008D913 /* Variants+CoreDataClass.swift */ = {isa = PBXFileReference; lastKnownFileType = sourcecode.swift; path = "Variants+CoreDataClass.swift"; sourceTree = "<group>"; };
		337349C42430C14D0008D913 /* Variants+CoreDataProperties.swift */ = {isa = PBXFileReference; lastKnownFileType = sourcecode.swift; path = "Variants+CoreDataProperties.swift"; sourceTree = "<group>"; };
		337349C52430C14D0008D913 /* Product+CoreDataClass.swift */ = {isa = PBXFileReference; lastKnownFileType = sourcecode.swift; path = "Product+CoreDataClass.swift"; sourceTree = "<group>"; };
		337349C62430C14D0008D913 /* Product+CoreDataProperties.swift */ = {isa = PBXFileReference; lastKnownFileType = sourcecode.swift; path = "Product+CoreDataProperties.swift"; sourceTree = "<group>"; };
		337D7E43242F4299002A2802 /* CommerceDemo.app */ = {isa = PBXFileReference; explicitFileType = wrapper.application; includeInIndex = 0; path = CommerceDemo.app; sourceTree = BUILT_PRODUCTS_DIR; };
		337D7E46242F4299002A2802 /* AppDelegate.swift */ = {isa = PBXFileReference; lastKnownFileType = sourcecode.swift; path = AppDelegate.swift; sourceTree = "<group>"; };
		337D7E4E242F4299002A2802 /* CommerceDemo.xcdatamodel */ = {isa = PBXFileReference; lastKnownFileType = wrapper.xcdatamodel; path = CommerceDemo.xcdatamodel; sourceTree = "<group>"; };
		337D7E50242F429A002A2802 /* Assets.xcassets */ = {isa = PBXFileReference; lastKnownFileType = folder.assetcatalog; path = Assets.xcassets; sourceTree = "<group>"; };
		337D7E53242F429A002A2802 /* Base */ = {isa = PBXFileReference; lastKnownFileType = file.storyboard; name = Base; path = Base.lproj/LaunchScreen.storyboard; sourceTree = "<group>"; };
		337D7E55242F429A002A2802 /* Info.plist */ = {isa = PBXFileReference; lastKnownFileType = text.plist.xml; path = Info.plist; sourceTree = "<group>"; };
		337D7E5B242F49CB002A2802 /* Podfile */ = {isa = PBXFileReference; fileEncoding = 4; lastKnownFileType = text; path = Podfile; sourceTree = "<group>"; xcLanguageSpecificationIdentifier = xcode.lang.ruby; };
		337D7E5E242F4AA8002A2802 /* CategoriesVC.swift */ = {isa = PBXFileReference; fileEncoding = 4; lastKnownFileType = sourcecode.swift; path = CategoriesVC.swift; sourceTree = "<group>"; };
		337D7E61242F4AC7002A2802 /* Product.storyboard */ = {isa = PBXFileReference; fileEncoding = 4; lastKnownFileType = file.storyboard; path = Product.storyboard; sourceTree = "<group>"; };
		337D7E64242F4DA3002A2802 /* CategoryCell.swift */ = {isa = PBXFileReference; fileEncoding = 4; lastKnownFileType = sourcecode.swift; path = CategoryCell.swift; sourceTree = "<group>"; };
		337D7E67242F4E12002A2802 /* ApiManager.swift */ = {isa = PBXFileReference; fileEncoding = 4; lastKnownFileType = sourcecode.swift; path = ApiManager.swift; sourceTree = "<group>"; };
		337D7E68242F4E12002A2802 /* Extensions.swift */ = {isa = PBXFileReference; fileEncoding = 4; lastKnownFileType = sourcecode.swift; path = Extensions.swift; sourceTree = "<group>"; };
		337D7E69242F4E12002A2802 /* LoadingOverlay.swift */ = {isa = PBXFileReference; fileEncoding = 4; lastKnownFileType = sourcecode.swift; path = LoadingOverlay.swift; sourceTree = "<group>"; };
		337D7E6A242F4E12002A2802 /* UtilityHelper.swift */ = {isa = PBXFileReference; fileEncoding = 4; lastKnownFileType = sourcecode.swift; path = UtilityHelper.swift; sourceTree = "<group>"; };
		337D7E6B242F4E12002A2802 /* CommerceConstants.swift */ = {isa = PBXFileReference; fileEncoding = 4; lastKnownFileType = sourcecode.swift; path = CommerceConstants.swift; sourceTree = "<group>"; };
		337D7E77242F5564002A2802 /* CategoryMapModel.swift */ = {isa = PBXFileReference; fileEncoding = 4; lastKnownFileType = sourcecode.swift; path = CategoryMapModel.swift; sourceTree = "<group>"; };
		337D7E78242F5564002A2802 /* ProductMapModel.swift */ = {isa = PBXFileReference; fileEncoding = 4; lastKnownFileType = sourcecode.swift; path = ProductMapModel.swift; sourceTree = "<group>"; };
		33D191BD243075F400278C47 /* RankingMapModel.swift */ = {isa = PBXFileReference; fileEncoding = 4; lastKnownFileType = sourcecode.swift; path = RankingMapModel.swift; sourceTree = "<group>"; };
		33D191C024308F5300278C47 /* ProductCell.swift */ = {isa = PBXFileReference; fileEncoding = 4; lastKnownFileType = sourcecode.swift; path = ProductCell.swift; sourceTree = "<group>"; };
		33D191C124308F5300278C47 /* ProductCell.xib */ = {isa = PBXFileReference; fileEncoding = 4; lastKnownFileType = file.xib; path = ProductCell.xib; sourceTree = "<group>"; };
		33D191C4243090D000278C47 /* RatingVC.swift */ = {isa = PBXFileReference; fileEncoding = 4; lastKnownFileType = sourcecode.swift; path = RatingVC.swift; sourceTree = "<group>"; };
		33DA61182430F436001AE55A /* ProductDetailVC.swift */ = {isa = PBXFileReference; fileEncoding = 4; lastKnownFileType = sourcecode.swift; path = ProductDetailVC.swift; sourceTree = "<group>"; };
		33DA611A2430F875001AE55A /* Tax+CoreDataClass.swift */ = {isa = PBXFileReference; lastKnownFileType = sourcecode.swift; path = "Tax+CoreDataClass.swift"; sourceTree = "<group>"; };
		33DA611B2430F875001AE55A /* Tax+CoreDataProperties.swift */ = {isa = PBXFileReference; lastKnownFileType = sourcecode.swift; path = "Tax+CoreDataProperties.swift"; sourceTree = "<group>"; };
		33DA611E2430F8C2001AE55A /* TaxMapModel.swift */ = {isa = PBXFileReference; fileEncoding = 4; lastKnownFileType = sourcecode.swift; path = TaxMapModel.swift; sourceTree = "<group>"; };
		33DA61202430FCCC001AE55A /* VariantDetailCell.swift */ = {isa = PBXFileReference; fileEncoding = 4; lastKnownFileType = sourcecode.swift; path = VariantDetailCell.swift; sourceTree = "<group>"; };
		D3282B613E477F12C3117839 /* Pods-CommerceDemo.debug.xcconfig */ = {isa = PBXFileReference; includeInIndex = 1; lastKnownFileType = text.xcconfig; name = "Pods-CommerceDemo.debug.xcconfig"; path = "Target Support Files/Pods-CommerceDemo/Pods-CommerceDemo.debug.xcconfig"; sourceTree = "<group>"; };
		D956DD31E4703C1B9EA2734B /* Pods_CommerceDemo.framework */ = {isa = PBXFileReference; explicitFileType = wrapper.framework; includeInIndex = 0; path = Pods_CommerceDemo.framework; sourceTree = BUILT_PRODUCTS_DIR; };
/* End PBXFileReference section */

/* Begin PBXFrameworksBuildPhase section */
		337D7E40242F4299002A2802 /* Frameworks */ = {
			isa = PBXFrameworksBuildPhase;
			buildActionMask = 2147483647;
			files = (
				39E3C77F195A813EC54F3839 /* Pods_CommerceDemo.framework in Frameworks */,
			);
			runOnlyForDeploymentPostprocessing = 0;
		};
/* End PBXFrameworksBuildPhase section */

/* Begin PBXGroup section */
		1981C79CBB052B29BBF2DFB3 /* Frameworks */ = {
			isa = PBXGroup;
			children = (
				D956DD31E4703C1B9EA2734B /* Pods_CommerceDemo.framework */,
			);
			name = Frameworks;
			sourceTree = "<group>";
		};
		337D7E3A242F4298002A2802 = {
			isa = PBXGroup;
			children = (
				337D7E5B242F49CB002A2802 /* Podfile */,
				337D7E45242F4299002A2802 /* CommerceDemo */,
				337D7E44242F4299002A2802 /* Products */,
				7135295372F6EE1299E6BA68 /* Pods */,
				1981C79CBB052B29BBF2DFB3 /* Frameworks */,
			);
			sourceTree = "<group>";
		};
		337D7E44242F4299002A2802 /* Products */ = {
			isa = PBXGroup;
			children = (
				337D7E43242F4299002A2802 /* CommerceDemo.app */,
			);
			name = Products;
			sourceTree = "<group>";
		};
		337D7E45242F4299002A2802 /* CommerceDemo */ = {
			isa = PBXGroup;
			children = (
				337D7E76242F5564002A2802 /* MapperModel */,
				337D7E71242F52A9002A2802 /* Model */,
				337D7E63242F4DA3002A2802 /* UITableViewCells */,
				337D7E60242F4AC7002A2802 /* StoryBoards */,
				337D7E5D242F4AA8002A2802 /* ViewControllers */,
				337D7E46242F4299002A2802 /* AppDelegate.swift */,
				337D7E66242F4E12002A2802 /* Utility */,
				337D7E50242F429A002A2802 /* Assets.xcassets */,
				337D7E52242F429A002A2802 /* LaunchScreen.storyboard */,
				337D7E55242F429A002A2802 /* Info.plist */,
				337D7E4D242F4299002A2802 /* CommerceDemo.xcdatamodeld */,
			);
			path = CommerceDemo;
			sourceTree = "<group>";
		};
		337D7E5D242F4AA8002A2802 /* ViewControllers */ = {
			isa = PBXGroup;
			children = (
				3348BE24242FAAD1008C0D32 /* ProductsVC.swift */,
				33DA61182430F436001AE55A /* ProductDetailVC.swift */,
				337D7E5E242F4AA8002A2802 /* CategoriesVC.swift */,
				33D191C4243090D000278C47 /* RatingVC.swift */,
			);
			path = ViewControllers;
			sourceTree = "<group>";
		};
		337D7E60242F4AC7002A2802 /* StoryBoards */ = {
			isa = PBXGroup;
			children = (
				337D7E61242F4AC7002A2802 /* Product.storyboard */,
			);
			path = StoryBoards;
			sourceTree = "<group>";
		};
		337D7E63242F4DA3002A2802 /* UITableViewCells */ = {
			isa = PBXGroup;
			children = (
				33DA61202430FCCC001AE55A /* VariantDetailCell.swift */,
				337D7E64242F4DA3002A2802 /* CategoryCell.swift */,
				33D191BF24308F5300278C47 /* ProductCell */,
			);
			path = UITableViewCells;
			sourceTree = "<group>";
		};
		337D7E66242F4E12002A2802 /* Utility */ = {
			isa = PBXGroup;
			children = (
				3348BE22242FA666008C0D32 /* DateUtility.swift */,
				3348BE1C242F92DF008C0D32 /* DBHelper.swift */,
				337D7E67242F4E12002A2802 /* ApiManager.swift */,
				337D7E68242F4E12002A2802 /* Extensions.swift */,
				337D7E69242F4E12002A2802 /* LoadingOverlay.swift */,
				337D7E6A242F4E12002A2802 /* UtilityHelper.swift */,
				337D7E6B242F4E12002A2802 /* CommerceConstants.swift */,
			);
			path = Utility;
			sourceTree = "<group>";
		};
		337D7E71242F52A9002A2802 /* Model */ = {
			isa = PBXGroup;
			children = (
				33DA611A2430F875001AE55A /* Tax+CoreDataClass.swift */,
				33DA611B2430F875001AE55A /* Tax+CoreDataProperties.swift */,
				337349BF2430C14D0008D913 /* Category+CoreDataClass.swift */,
				337349C02430C14D0008D913 /* Category+CoreDataProperties.swift */,
				337349C12430C14D0008D913 /* Ranking+CoreDataClass.swift */,
				337349C22430C14D0008D913 /* Ranking+CoreDataProperties.swift */,
				337349C32430C14D0008D913 /* Variants+CoreDataClass.swift */,
				337349C42430C14D0008D913 /* Variants+CoreDataProperties.swift */,
				337349C52430C14D0008D913 /* Product+CoreDataClass.swift */,
				337349C62430C14D0008D913 /* Product+CoreDataProperties.swift */,
			);
			path = Model;
			sourceTree = "<group>";
		};
		337D7E76242F5564002A2802 /* MapperModel */ = {
			isa = PBXGroup;
			children = (
				337D7E77242F5564002A2802 /* CategoryMapModel.swift */,
				337D7E78242F5564002A2802 /* ProductMapModel.swift */,
				33D191BD243075F400278C47 /* RankingMapModel.swift */,
				33121D722430BD610084C30E /* VariationMapModel.swift */,
				33DA611E2430F8C2001AE55A /* TaxMapModel.swift */,
			);
			path = MapperModel;
			sourceTree = "<group>";
		};
		33D191BF24308F5300278C47 /* ProductCell */ = {
			isa = PBXGroup;
			children = (
				33D191C024308F5300278C47 /* ProductCell.swift */,
				33D191C124308F5300278C47 /* ProductCell.xib */,
			);
			path = ProductCell;
			sourceTree = "<group>";
		};
		7135295372F6EE1299E6BA68 /* Pods */ = {
			isa = PBXGroup;
			children = (
				D3282B613E477F12C3117839 /* Pods-CommerceDemo.debug.xcconfig */,
				0849845C9BCBAC65E7ED5620 /* Pods-CommerceDemo.release.xcconfig */,
			);
			path = Pods;
			sourceTree = "<group>";
		};
/* End PBXGroup section */

/* Begin PBXNativeTarget section */
		337D7E42242F4299002A2802 /* CommerceDemo */ = {
			isa = PBXNativeTarget;
			buildConfigurationList = 337D7E58242F429A002A2802 /* Build configuration list for PBXNativeTarget "CommerceDemo" */;
			buildPhases = (
				24EEA961432768320B15954F /* [CP] Check Pods Manifest.lock */,
				337D7E3F242F4299002A2802 /* Sources */,
				337D7E40242F4299002A2802 /* Frameworks */,
				337D7E41242F4299002A2802 /* Resources */,
				25785D570BBA0222D614A47D /* [CP] Embed Pods Frameworks */,
			);
			buildRules = (
			);
			dependencies = (
			);
			name = CommerceDemo;
			productName = CommerceDemo;
			productReference = 337D7E43242F4299002A2802 /* CommerceDemo.app */;
			productType = "com.apple.product-type.application";
		};
/* End PBXNativeTarget section */

/* Begin PBXProject section */
		337D7E3B242F4298002A2802 /* Project object */ = {
			isa = PBXProject;
			attributes = {
				LastSwiftUpdateCheck = 1010;
				LastUpgradeCheck = 1010;
				ORGANIZATIONNAME = Jignesh;
				TargetAttributes = {
					337D7E42242F4299002A2802 = {
						CreatedOnToolsVersion = 10.1;
					};
				};
			};
			buildConfigurationList = 337D7E3E242F4298002A2802 /* Build configuration list for PBXProject "CommerceDemo" */;
			compatibilityVersion = "Xcode 9.3";
			developmentRegion = en;
			hasScannedForEncodings = 0;
			knownRegions = (
				en,
				Base,
			);
			mainGroup = 337D7E3A242F4298002A2802;
			productRefGroup = 337D7E44242F4299002A2802 /* Products */;
			projectDirPath = "";
			projectRoot = "";
			targets = (
				337D7E42242F4299002A2802 /* CommerceDemo */,
			);
		};
/* End PBXProject section */

/* Begin PBXResourcesBuildPhase section */
		337D7E41242F4299002A2802 /* Resources */ = {
			isa = PBXResourcesBuildPhase;
			buildActionMask = 2147483647;
			files = (
				337D7E54242F429A002A2802 /* LaunchScreen.storyboard in Resources */,
				337D7E62242F4AC7002A2802 /* Product.storyboard in Resources */,
				33D191C324308F5400278C47 /* ProductCell.xib in Resources */,
				337D7E51242F429A002A2802 /* Assets.xcassets in Resources */,
				337D7E5C242F49CC002A2802 /* Podfile in Resources */,
			);
			runOnlyForDeploymentPostprocessing = 0;
		};
/* End PBXResourcesBuildPhase section */

/* Begin PBXShellScriptBuildPhase section */
		24EEA961432768320B15954F /* [CP] Check Pods Manifest.lock */ = {
			isa = PBXShellScriptBuildPhase;
			buildActionMask = 2147483647;
			files = (
			);
			inputFileListPaths = (
			);
			inputPaths = (
				"${PODS_PODFILE_DIR_PATH}/Podfile.lock",
				"${PODS_ROOT}/Manifest.lock",
			);
			name = "[CP] Check Pods Manifest.lock";
			outputFileListPaths = (
			);
			outputPaths = (
				"$(DERIVED_FILE_DIR)/Pods-CommerceDemo-checkManifestLockResult.txt",
			);
			runOnlyForDeploymentPostprocessing = 0;
			shellPath = /bin/sh;
			shellScript = "diff \"${PODS_PODFILE_DIR_PATH}/Podfile.lock\" \"${PODS_ROOT}/Manifest.lock\" > /dev/null\nif [ $? != 0 ] ; then\n    # print error to STDERR\n    echo \"error: The sandbox is not in sync with the Podfile.lock. Run 'pod install' or update your CocoaPods installation.\" >&2\n    exit 1\nfi\n# This output is used by Xcode 'outputs' to avoid re-running this script phase.\necho \"SUCCESS\" > \"${SCRIPT_OUTPUT_FILE_0}\"\n";
			showEnvVarsInLog = 0;
		};
		25785D570BBA0222D614A47D /* [CP] Embed Pods Frameworks */ = {
			isa = PBXShellScriptBuildPhase;
			buildActionMask = 2147483647;
			files = (
			);
			inputFileListPaths = (
				"${PODS_ROOT}/Target Support Files/Pods-CommerceDemo/Pods-CommerceDemo-frameworks-${CONFIGURATION}-input-files.xcfilelist",
			);
			name = "[CP] Embed Pods Frameworks";
			outputFileListPaths = (
				"${PODS_ROOT}/Target Support Files/Pods-CommerceDemo/Pods-CommerceDemo-frameworks-${CONFIGURATION}-output-files.xcfilelist",
			);
			runOnlyForDeploymentPostprocessing = 0;
			shellPath = /bin/sh;
			shellScript = "\"${PODS_ROOT}/Target Support Files/Pods-CommerceDemo/Pods-CommerceDemo-frameworks.sh\"\n";
			showEnvVarsInLog = 0;
		};
/* End PBXShellScriptBuildPhase section */

/* Begin PBXSourcesBuildPhase section */
		337D7E3F242F4299002A2802 /* Sources */ = {
			isa = PBXSourcesBuildPhase;
			buildActionMask = 2147483647;
			files = (
				337349CE2430C14D0008D913 /* Product+CoreDataProperties.swift in Sources */,
				33D191C224308F5400278C47 /* ProductCell.swift in Sources */,
				337D7E5F242F4AA8002A2802 /* CategoriesVC.swift in Sources */,
				337D7E70242F4E13002A2802 /* CommerceConstants.swift in Sources */,
				33DA611D2430F875001AE55A /* Tax+CoreDataProperties.swift in Sources */,
				337D7E6D242F4E13002A2802 /* Extensions.swift in Sources */,
				3348BE23242FA666008C0D32 /* DateUtility.swift in Sources */,
				337349CC2430C14D0008D913 /* Variants+CoreDataProperties.swift in Sources */,
				33DA61212430FCCC001AE55A /* VariantDetailCell.swift in Sources */,
				337349C72430C14D0008D913 /* Category+CoreDataClass.swift in Sources */,
				337349CB2430C14D0008D913 /* Variants+CoreDataClass.swift in Sources */,
				337D7E6F242F4E13002A2802 /* UtilityHelper.swift in Sources */,
				337349C82430C14D0008D913 /* Category+CoreDataProperties.swift in Sources */,
				337349CA2430C14D0008D913 /* Ranking+CoreDataProperties.swift in Sources */,
				337D7E4F242F4299002A2802 /* CommerceDemo.xcdatamodeld in Sources */,
				337D7E6C242F4E13002A2802 /* ApiManager.swift in Sources */,
				337349CD2430C14D0008D913 /* Product+CoreDataClass.swift in Sources */,
				33DA611C2430F875001AE55A /* Tax+CoreDataClass.swift in Sources */,
				33121D732430BD610084C30E /* VariationMapModel.swift in Sources */,
				3348BE25242FAAD2008C0D32 /* ProductsVC.swift in Sources */,
				337D7E6E242F4E13002A2802 /* LoadingOverlay.swift in Sources */,
				33DA611F2430F8C3001AE55A /* TaxMapModel.swift in Sources */,
				337D7E7C242F5565002A2802 /* ProductMapModel.swift in Sources */,
				33D191C5243090D000278C47 /* RatingVC.swift in Sources */,
				337349C92430C14D0008D913 /* Ranking+CoreDataClass.swift in Sources */,
				337D7E65242F4DA3002A2802 /* CategoryCell.swift in Sources */,
				337D7E47242F4299002A2802 /* AppDelegate.swift in Sources */,
				33D191BE243075F400278C47 /* RankingMapModel.swift in Sources */,
				337D7E7B242F5565002A2802 /* CategoryMapModel.swift in Sources */,
				33DA61192430F436001AE55A /* ProductDetailVC.swift in Sources */,
				3348BE1D242F92DF008C0D32 /* DBHelper.swift in Sources */,
			);
			runOnlyForDeploymentPostprocessing = 0;
		};
/* End PBXSourcesBuildPhase section */

/* Begin PBXVariantGroup section */
		337D7E52242F429A002A2802 /* LaunchScreen.storyboard */ = {
			isa = PBXVariantGroup;
			children = (
				337D7E53242F429A002A2802 /* Base */,
			);
			name = LaunchScreen.storyboard;
			sourceTree = "<group>";
		};
/* End PBXVariantGroup section */

/* Begin XCBuildConfiguration section */
		337D7E56242F429A002A2802 /* Debug */ = {
			isa = XCBuildConfiguration;
			buildSettings = {
				ALWAYS_SEARCH_USER_PATHS = NO;
				CLANG_ANALYZER_NONNULL = YES;
				CLANG_ANALYZER_NUMBER_OBJECT_CONVERSION = YES_AGGRESSIVE;
				CLANG_CXX_LANGUAGE_STANDARD = "gnu++14";
				CLANG_CXX_LIBRARY = "libc++";
				CLANG_ENABLE_MODULES = YES;
				CLANG_ENABLE_OBJC_ARC = YES;
				CLANG_ENABLE_OBJC_WEAK = YES;
				CLANG_WARN_BLOCK_CAPTURE_AUTORELEASING = YES;
				CLANG_WARN_BOOL_CONVERSION = YES;
				CLANG_WARN_COMMA = YES;
				CLANG_WARN_CONSTANT_CONVERSION = YES;
				CLANG_WARN_DEPRECATED_OBJC_IMPLEMENTATIONS = YES;
				CLANG_WARN_DIRECT_OBJC_ISA_USAGE = YES_ERROR;
				CLANG_WARN_DOCUMENTATION_COMMENTS = YES;
				CLANG_WARN_EMPTY_BODY = YES;
				CLANG_WARN_ENUM_CONVERSION = YES;
				CLANG_WARN_INFINITE_RECURSION = YES;
				CLANG_WARN_INT_CONVERSION = YES;
				CLANG_WARN_NON_LITERAL_NULL_CONVERSION = YES;
				CLANG_WARN_OBJC_IMPLICIT_RETAIN_SELF = YES;
				CLANG_WARN_OBJC_LITERAL_CONVERSION = YES;
				CLANG_WARN_OBJC_ROOT_CLASS = YES_ERROR;
				CLANG_WARN_RANGE_LOOP_ANALYSIS = YES;
				CLANG_WARN_STRICT_PROTOTYPES = YES;
				CLANG_WARN_SUSPICIOUS_MOVE = YES;
				CLANG_WARN_UNGUARDED_AVAILABILITY = YES_AGGRESSIVE;
				CLANG_WARN_UNREACHABLE_CODE = YES;
				CLANG_WARN__DUPLICATE_METHOD_MATCH = YES;
				CODE_SIGN_IDENTITY = "iPhone Developer";
				COPY_PHASE_STRIP = NO;
				DEBUG_INFORMATION_FORMAT = dwarf;
				ENABLE_STRICT_OBJC_MSGSEND = YES;
				ENABLE_TESTABILITY = YES;
				GCC_C_LANGUAGE_STANDARD = gnu11;
				GCC_DYNAMIC_NO_PIC = NO;
				GCC_NO_COMMON_BLOCKS = YES;
				GCC_OPTIMIZATION_LEVEL = 0;
				GCC_PREPROCESSOR_DEFINITIONS = (
					"DEBUG=1",
					"$(inherited)",
				);
				GCC_WARN_64_TO_32_BIT_CONVERSION = YES;
				GCC_WARN_ABOUT_RETURN_TYPE = YES_ERROR;
				GCC_WARN_UNDECLARED_SELECTOR = YES;
				GCC_WARN_UNINITIALIZED_AUTOS = YES_AGGRESSIVE;
				GCC_WARN_UNUSED_FUNCTION = YES;
				GCC_WARN_UNUSED_VARIABLE = YES;
				IPHONEOS_DEPLOYMENT_TARGET = 12.1;
				MTL_ENABLE_DEBUG_INFO = INCLUDE_SOURCE;
				MTL_FAST_MATH = YES;
				ONLY_ACTIVE_ARCH = YES;
				SDKROOT = iphoneos;
				SWIFT_ACTIVE_COMPILATION_CONDITIONS = DEBUG;
				SWIFT_OPTIMIZATION_LEVEL = "-Onone";
			};
			name = Debug;
		};
		337D7E57242F429A002A2802 /* Release */ = {
			isa = XCBuildConfiguration;
			buildSettings = {
				ALWAYS_SEARCH_USER_PATHS = NO;
				CLANG_ANALYZER_NONNULL = YES;
				CLANG_ANALYZER_NUMBER_OBJECT_CONVERSION = YES_AGGRESSIVE;
				CLANG_CXX_LANGUAGE_STANDARD = "gnu++14";
				CLANG_CXX_LIBRARY = "libc++";
				CLANG_ENABLE_MODULES = YES;
				CLANG_ENABLE_OBJC_ARC = YES;
				CLANG_ENABLE_OBJC_WEAK = YES;
				CLANG_WARN_BLOCK_CAPTURE_AUTORELEASING = YES;
				CLANG_WARN_BOOL_CONVERSION = YES;
				CLANG_WARN_COMMA = YES;
				CLANG_WARN_CONSTANT_CONVERSION = YES;
				CLANG_WARN_DEPRECATED_OBJC_IMPLEMENTATIONS = YES;
				CLANG_WARN_DIRECT_OBJC_ISA_USAGE = YES_ERROR;
				CLANG_WARN_DOCUMENTATION_COMMENTS = YES;
				CLANG_WARN_EMPTY_BODY = YES;
				CLANG_WARN_ENUM_CONVERSION = YES;
				CLANG_WARN_INFINITE_RECURSION = YES;
				CLANG_WARN_INT_CONVERSION = YES;
				CLANG_WARN_NON_LITERAL_NULL_CONVERSION = YES;
				CLANG_WARN_OBJC_IMPLICIT_RETAIN_SELF = YES;
				CLANG_WARN_OBJC_LITERAL_CONVERSION = YES;
				CLANG_WARN_OBJC_ROOT_CLASS = YES_ERROR;
				CLANG_WARN_RANGE_LOOP_ANALYSIS = YES;
				CLANG_WARN_STRICT_PROTOTYPES = YES;
				CLANG_WARN_SUSPICIOUS_MOVE = YES;
				CLANG_WARN_UNGUARDED_AVAILABILITY = YES_AGGRESSIVE;
				CLANG_WARN_UNREACHABLE_CODE = YES;
				CLANG_WARN__DUPLICATE_METHOD_MATCH = YES;
				CODE_SIGN_IDENTITY = "iPhone Developer";
				COPY_PHASE_STRIP = NO;
				DEBUG_INFORMATION_FORMAT = "dwarf-with-dsym";
				ENABLE_NS_ASSERTIONS = NO;
				ENABLE_STRICT_OBJC_MSGSEND = YES;
				GCC_C_LANGUAGE_STANDARD = gnu11;
				GCC_NO_COMMON_BLOCKS = YES;
				GCC_WARN_64_TO_32_BIT_CONVERSION = YES;
				GCC_WARN_ABOUT_RETURN_TYPE = YES_ERROR;
				GCC_WARN_UNDECLARED_SELECTOR = YES;
				GCC_WARN_UNINITIALIZED_AUTOS = YES_AGGRESSIVE;
				GCC_WARN_UNUSED_FUNCTION = YES;
				GCC_WARN_UNUSED_VARIABLE = YES;
				IPHONEOS_DEPLOYMENT_TARGET = 12.1;
				MTL_ENABLE_DEBUG_INFO = NO;
				MTL_FAST_MATH = YES;
				SDKROOT = iphoneos;
				SWIFT_COMPILATION_MODE = wholemodule;
				SWIFT_OPTIMIZATION_LEVEL = "-O";
				VALIDATE_PRODUCT = YES;
			};
			name = Release;
		};
		337D7E59242F429A002A2802 /* Debug */ = {
			isa = XCBuildConfiguration;
			baseConfigurationReference = D3282B613E477F12C3117839 /* Pods-CommerceDemo.debug.xcconfig */;
			buildSettings = {
				ASSETCATALOG_COMPILER_APPICON_NAME = AppIcon;
				CODE_SIGN_STYLE = Manual;
				DEVELOPMENT_TEAM = "";
				INFOPLIST_FILE = CommerceDemo/Info.plist;
				LD_RUNPATH_SEARCH_PATHS = (
					"$(inherited)",
					"@executable_path/Frameworks",
				);
				PRODUCT_BUNDLE_IDENTIFIER = com.commercedemo;
				PRODUCT_NAME = "$(TARGET_NAME)";
				PROVISIONING_PROFILE_SPECIFIER = "";
				SWIFT_VERSION = 4.2;
				TARGETED_DEVICE_FAMILY = 1;
			};
			name = Debug;
		};
		337D7E5A242F429A002A2802 /* Release */ = {
			isa = XCBuildConfiguration;
			baseConfigurationReference = 0849845C9BCBAC65E7ED5620 /* Pods-CommerceDemo.release.xcconfig */;
			buildSettings = {
				ASSETCATALOG_COMPILER_APPICON_NAME = AppIcon;
				CODE_SIGN_STYLE = Manual;
				DEVELOPMENT_TEAM = "";
				INFOPLIST_FILE = CommerceDemo/Info.plist;
				LD_RUNPATH_SEARCH_PATHS = (
					"$(inherited)",
					"@executable_path/Frameworks",
				);
				PRODUCT_BUNDLE_IDENTIFIER = com.commercedemo;
				PRODUCT_NAME = "$(TARGET_NAME)";
				PROVISIONING_PROFILE_SPECIFIER = "";
				SWIFT_VERSION = 4.2;
				TARGETED_DEVICE_FAMILY = 1;
			};
			name = Release;
		};
/* End XCBuildConfiguration section */

/* Begin XCConfigurationList section */
		337D7E3E242F4298002A2802 /* Build configuration list for PBXProject "CommerceDemo" */ = {
			isa = XCConfigurationList;
			buildConfigurations = (
				337D7E56242F429A002A2802 /* Debug */,
				337D7E57242F429A002A2802 /* Release */,
			);
			defaultConfigurationIsVisible = 0;
			defaultConfigurationName = Release;
		};
		337D7E58242F429A002A2802 /* Build configuration list for PBXNativeTarget "CommerceDemo" */ = {
			isa = XCConfigurationList;
			buildConfigurations = (
				337D7E59242F429A002A2802 /* Debug */,
				337D7E5A242F429A002A2802 /* Release */,
			);
			defaultConfigurationIsVisible = 0;
			defaultConfigurationName = Release;
		};
/* End XCConfigurationList section */

/* Begin XCVersionGroup section */
		337D7E4D242F4299002A2802 /* CommerceDemo.xcdatamodeld */ = {
			isa = XCVersionGroup;
			children = (
				337D7E4E242F4299002A2802 /* CommerceDemo.xcdatamodel */,
			);
			currentVersion = 337D7E4E242F4299002A2802 /* CommerceDemo.xcdatamodel */;
			path = CommerceDemo.xcdatamodeld;
			sourceTree = "<group>";
			versionGroupType = wrapper.xcdatamodel;
		};
/* End XCVersionGroup section */
	};
	rootObject = 337D7E3B242F4298002A2802 /* Project object */;
}
